// !$*UTF8*$!
{
	archiveVersion = 1;
	classes = {
	};
	objectVersion = 50;
	objects = {

/* Begin PBXBuildFile section */
		A599B0972268EA1300615F4B /* AppDelegate.swift in Sources */ = {isa = PBXBuildFile; fileRef = A599B0962268EA1300615F4B /* AppDelegate.swift */; };
		A599B0992268EA1300615F4B /* LoginViewController.swift in Sources */ = {isa = PBXBuildFile; fileRef = A599B0982268EA1300615F4B /* LoginViewController.swift */; };
		A599B09C2268EA1300615F4B /* Main.storyboard in Resources */ = {isa = PBXBuildFile; fileRef = A599B09A2268EA1300615F4B /* Main.storyboard */; };
		A599B09E2268EA1500615F4B /* Assets.xcassets in Resources */ = {isa = PBXBuildFile; fileRef = A599B09D2268EA1500615F4B /* Assets.xcassets */; };
		A599B0A12268EA1500615F4B /* LaunchScreen.storyboard in Resources */ = {isa = PBXBuildFile; fileRef = A599B09F2268EA1500615F4B /* LaunchScreen.storyboard */; };
		A599B0A92268EA3700615F4B /* GoogleService-Info.plist in Resources */ = {isa = PBXBuildFile; fileRef = A599B0A82268EA3700615F4B /* GoogleService-Info.plist */; };
		A599B0AB2268F1D600615F4B /* SnapsTableViewController.swift in Sources */ = {isa = PBXBuildFile; fileRef = A599B0AA2268F1D600615F4B /* SnapsTableViewController.swift */; };
		A599B0AE2268F45500615F4B /* SelectPictureViewController.swift in Sources */ = {isa = PBXBuildFile; fileRef = A599B0AD2268F45500615F4B /* SelectPictureViewController.swift */; };
		A599B0B02268F68100615F4B /* UIViewController+Alerts.swift in Sources */ = {isa = PBXBuildFile; fileRef = A599B0AF2268F68100615F4B /* UIViewController+Alerts.swift */; };
		A599B0B322692C1100615F4B /* Snaps.swift in Sources */ = {isa = PBXBuildFile; fileRef = A599B0B222692C1100615F4B /* Snaps.swift */; };
		A599B0BD226FA5CD00615F4B /* SelectReceiverTableViewController.swift in Sources */ = {isa = PBXBuildFile; fileRef = A599B0BC226FA5CD00615F4B /* SelectReceiverTableViewController.swift */; };
		A599B0BF226FA99900615F4B /* AuthService.swift in Sources */ = {isa = PBXBuildFile; fileRef = A599B0BE226FA99900615F4B /* AuthService.swift */; };
		F2F9B627604EF8EC58E242F9 /* Pods_Snapchat_Clone.framework in Frameworks */ = {isa = PBXBuildFile; fileRef = 659E6B26111C42A9193F84A5 /* Pods_Snapchat_Clone.framework */; };
/* End PBXBuildFile section */

/* Begin PBXFileReference section */
		1D48B942A67D628CB9D697D8 /* Pods-Snapchat-Clone.release.xcconfig */ = {isa = PBXFileReference; includeInIndex = 1; lastKnownFileType = text.xcconfig; name = "Pods-Snapchat-Clone.release.xcconfig"; path = "Pods/Target Support Files/Pods-Snapchat-Clone/Pods-Snapchat-Clone.release.xcconfig"; sourceTree = "<group>"; };
		659E6B26111C42A9193F84A5 /* Pods_Snapchat_Clone.framework */ = {isa = PBXFileReference; explicitFileType = wrapper.framework; includeInIndex = 0; path = Pods_Snapchat_Clone.framework; sourceTree = BUILT_PRODUCTS_DIR; };
		9E6A2A41CEDFA23FAF765F5C /* Pods-Snapchat-Clone.debug.xcconfig */ = {isa = PBXFileReference; includeInIndex = 1; lastKnownFileType = text.xcconfig; name = "Pods-Snapchat-Clone.debug.xcconfig"; path = "Pods/Target Support Files/Pods-Snapchat-Clone/Pods-Snapchat-Clone.debug.xcconfig"; sourceTree = "<group>"; };
		A599B0932268EA1300615F4B /* Snapchat-Clone.app */ = {isa = PBXFileReference; explicitFileType = wrapper.application; includeInIndex = 0; path = "Snapchat-Clone.app"; sourceTree = BUILT_PRODUCTS_DIR; };
		A599B0962268EA1300615F4B /* AppDelegate.swift */ = {isa = PBXFileReference; lastKnownFileType = sourcecode.swift; path = AppDelegate.swift; sourceTree = "<group>"; };
		A599B0982268EA1300615F4B /* LoginViewController.swift */ = {isa = PBXFileReference; lastKnownFileType = sourcecode.swift; path = LoginViewController.swift; sourceTree = "<group>"; };
		A599B09B2268EA1300615F4B /* Base */ = {isa = PBXFileReference; lastKnownFileType = file.storyboard; name = Base; path = Base.lproj/Main.storyboard; sourceTree = "<group>"; };
		A599B09D2268EA1500615F4B /* Assets.xcassets */ = {isa = PBXFileReference; lastKnownFileType = folder.assetcatalog; path = Assets.xcassets; sourceTree = "<group>"; };
		A599B0A02268EA1500615F4B /* Base */ = {isa = PBXFileReference; lastKnownFileType = file.storyboard; name = Base; path = Base.lproj/LaunchScreen.storyboard; sourceTree = "<group>"; };
		A599B0A22268EA1500615F4B /* Info.plist */ = {isa = PBXFileReference; lastKnownFileType = text.plist.xml; path = Info.plist; sourceTree = "<group>"; };
		A599B0A82268EA3700615F4B /* GoogleService-Info.plist */ = {isa = PBXFileReference; fileEncoding = 4; lastKnownFileType = text.plist.xml; path = "GoogleService-Info.plist"; sourceTree = "<group>"; };
		A599B0AA2268F1D600615F4B /* SnapsTableViewController.swift */ = {isa = PBXFileReference; lastKnownFileType = sourcecode.swift; path = SnapsTableViewController.swift; sourceTree = "<group>"; };
		A599B0AD2268F45500615F4B /* SelectPictureViewController.swift */ = {isa = PBXFileReference; lastKnownFileType = sourcecode.swift; path = SelectPictureViewController.swift; sourceTree = "<group>"; };
		A599B0AF2268F68100615F4B /* UIViewController+Alerts.swift */ = {isa = PBXFileReference; lastKnownFileType = sourcecode.swift; path = "UIViewController+Alerts.swift"; sourceTree = "<group>"; };
		A599B0B222692C1100615F4B /* Snaps.swift */ = {isa = PBXFileReference; lastKnownFileType = sourcecode.swift; path = Snaps.swift; sourceTree = "<group>"; };
		A599B0BC226FA5CD00615F4B /* SelectReceiverTableViewController.swift */ = {isa = PBXFileReference; lastKnownFileType = sourcecode.swift; path = SelectReceiverTableViewController.swift; sourceTree = "<group>"; };
		A599B0BE226FA99900615F4B /* AuthService.swift */ = {isa = PBXFileReference; lastKnownFileType = sourcecode.swift; path = AuthService.swift; sourceTree = "<group>"; };
/* End PBXFileReference section */

/* Begin PBXFrameworksBuildPhase section */
		A599B0902268EA1300615F4B /* Frameworks */ = {
			isa = PBXFrameworksBuildPhase;
			buildActionMask = 2147483647;
			files = (
				F2F9B627604EF8EC58E242F9 /* Pods_Snapchat_Clone.framework in Frameworks */,
			);
			runOnlyForDeploymentPostprocessing = 0;
		};
/* End PBXFrameworksBuildPhase section */

/* Begin PBXGroup section */
		526C077ECBD80ECE6C6CDFD4 /* Frameworks */ = {
			isa = PBXGroup;
			children = (
				659E6B26111C42A9193F84A5 /* Pods_Snapchat_Clone.framework */,
			);
			name = Frameworks;
			sourceTree = "<group>";
		};
		A599B08A2268EA1300615F4B = {
			isa = PBXGroup;
			children = (
				A599B0952268EA1300615F4B /* Snapchat-Clone */,
				A599B0942268EA1300615F4B /* Products */,
				C606720675833BC1795E1A73 /* Pods */,
				526C077ECBD80ECE6C6CDFD4 /* Frameworks */,
			);
			sourceTree = "<group>";
		};
		A599B0942268EA1300615F4B /* Products */ = {
			isa = PBXGroup;
			children = (
				A599B0932268EA1300615F4B /* Snapchat-Clone.app */,
			);
			name = Products;
			sourceTree = "<group>";
		};
		A599B0952268EA1300615F4B /* Snapchat-Clone */ = {
			isa = PBXGroup;
			children = (
				A599B0C0226FA99D00615F4B /* Firebase Services */,
				A599B0B422692C1500615F4B /* Models */,
				A599B0AC2268F33F00615F4B /* Controllers */,
				A599B0B12268F6A900615F4B /* Extensions */,
				A599B0B7226A019400615F4B /* Supporting Files */,
				A599B09A2268EA1300615F4B /* Main.storyboard */,
				A599B0A22268EA1500615F4B /* Info.plist */,
				A599B0A82268EA3700615F4B /* GoogleService-Info.plist */,
			);
			path = "Snapchat-Clone";
			sourceTree = "<group>";
		};
		A599B0AC2268F33F00615F4B /* Controllers */ = {
			isa = PBXGroup;
			children = (
				A599B0BC226FA5CD00615F4B /* SelectReceiverTableViewController.swift */,
				A599B0982268EA1300615F4B /* LoginViewController.swift */,
				A599B0AA2268F1D600615F4B /* SnapsTableViewController.swift */,
				A599B0AD2268F45500615F4B /* SelectPictureViewController.swift */,
			);
			path = Controllers;
			sourceTree = "<group>";
		};
		A599B0B12268F6A900615F4B /* Extensions */ = {
			isa = PBXGroup;
			children = (
				A599B0AF2268F68100615F4B /* UIViewController+Alerts.swift */,
			);
			path = Extensions;
			sourceTree = "<group>";
		};
		A599B0B422692C1500615F4B /* Models */ = {
			isa = PBXGroup;
			children = (
				A599B0B222692C1100615F4B /* Snaps.swift */,
			);
			path = Models;
			sourceTree = "<group>";
		};
		A599B0B7226A019400615F4B /* Supporting Files */ = {
			isa = PBXGroup;
			children = (
				A599B0962268EA1300615F4B /* AppDelegate.swift */,
				A599B09D2268EA1500615F4B /* Assets.xcassets */,
				A599B09F2268EA1500615F4B /* LaunchScreen.storyboard */,
			);
			path = "Supporting Files";
			sourceTree = "<group>";
		};
		A599B0C0226FA99D00615F4B /* Firebase Services */ = {
			isa = PBXGroup;
			children = (
				A599B0BE226FA99900615F4B /* AuthService.swift */,
			);
			path = "Firebase Services";
			sourceTree = "<group>";
		};
		C606720675833BC1795E1A73 /* Pods */ = {
			isa = PBXGroup;
			children = (
				9E6A2A41CEDFA23FAF765F5C /* Pods-Snapchat-Clone.debug.xcconfig */,
				1D48B942A67D628CB9D697D8 /* Pods-Snapchat-Clone.release.xcconfig */,
			);
			name = Pods;
			sourceTree = "<group>";
		};
/* End PBXGroup section */

/* Begin PBXNativeTarget section */
		A599B0922268EA1300615F4B /* Snapchat-Clone */ = {
			isa = PBXNativeTarget;
			buildConfigurationList = A599B0A52268EA1500615F4B /* Build configuration list for PBXNativeTarget "Snapchat-Clone" */;
			buildPhases = (
				CB92A267D1867A8CD32324CD /* [CP] Check Pods Manifest.lock */,
				A599B08F2268EA1300615F4B /* Sources */,
				A599B0902268EA1300615F4B /* Frameworks */,
				A599B0912268EA1300615F4B /* Resources */,
				61F3787085B7AEB13C2F4985 /* [CP] Embed Pods Frameworks */,
			);
			buildRules = (
			);
			dependencies = (
			);
			name = "Snapchat-Clone";
			productName = "Snapchat-Clone";
			productReference = A599B0932268EA1300615F4B /* Snapchat-Clone.app */;
			productType = "com.apple.product-type.application";
		};
/* End PBXNativeTarget section */

/* Begin PBXProject section */
		A599B08B2268EA1300615F4B /* Project object */ = {
			isa = PBXProject;
			attributes = {
				LastSwiftUpdateCheck = 1020;
				LastUpgradeCheck = 1020;
				ORGANIZATIONNAME = JaneZhu;
				TargetAttributes = {
					A599B0922268EA1300615F4B = {
						CreatedOnToolsVersion = 10.2.1;
					};
				};
			};
			buildConfigurationList = A599B08E2268EA1300615F4B /* Build configuration list for PBXProject "Snapchat-Clone" */;
			compatibilityVersion = "Xcode 9.3";
			developmentRegion = en;
			hasScannedForEncodings = 0;
			knownRegions = (
				en,
				Base,
			);
			mainGroup = A599B08A2268EA1300615F4B;
			productRefGroup = A599B0942268EA1300615F4B /* Products */;
			projectDirPath = "";
			projectRoot = "";
			targets = (
				A599B0922268EA1300615F4B /* Snapchat-Clone */,
			);
		};
/* End PBXProject section */

/* Begin PBXResourcesBuildPhase section */
		A599B0912268EA1300615F4B /* Resources */ = {
			isa = PBXResourcesBuildPhase;
			buildActionMask = 2147483647;
			files = (
				A599B0A12268EA1500615F4B /* LaunchScreen.storyboard in Resources */,
				A599B0A92268EA3700615F4B /* GoogleService-Info.plist in Resources */,
				A599B09E2268EA1500615F4B /* Assets.xcassets in Resources */,
				A599B09C2268EA1300615F4B /* Main.storyboard in Resources */,
			);
			runOnlyForDeploymentPostprocessing = 0;
		};
/* End PBXResourcesBuildPhase section */

/* Begin PBXShellScriptBuildPhase section */
		61F3787085B7AEB13C2F4985 /* [CP] Embed Pods Frameworks */ = {
			isa = PBXShellScriptBuildPhase;
			buildActionMask = 2147483647;
			files = (
			);
			inputFileListPaths = (
			);
			inputPaths = (
				"${SRCROOT}/Pods/Target Support Files/Pods-Snapchat-Clone/Pods-Snapchat-Clone-frameworks.sh",
				"${BUILT_PRODUCTS_DIR}/GTMSessionFetcher/GTMSessionFetcher.framework",
				"${BUILT_PRODUCTS_DIR}/GoogleUtilities/GoogleUtilities.framework",
				"${BUILT_PRODUCTS_DIR}/Toucan/Toucan.framework",
				"${BUILT_PRODUCTS_DIR}/nanopb/nanopb.framework",
			);
			name = "[CP] Embed Pods Frameworks";
			outputFileListPaths = (
			);
			outputPaths = (
				"${TARGET_BUILD_DIR}/${FRAMEWORKS_FOLDER_PATH}/GTMSessionFetcher.framework",
				"${TARGET_BUILD_DIR}/${FRAMEWORKS_FOLDER_PATH}/GoogleUtilities.framework",
				"${TARGET_BUILD_DIR}/${FRAMEWORKS_FOLDER_PATH}/Toucan.framework",
				"${TARGET_BUILD_DIR}/${FRAMEWORKS_FOLDER_PATH}/nanopb.framework",
			);
			runOnlyForDeploymentPostprocessing = 0;
			shellPath = /bin/sh;
			shellScript = "\"${SRCROOT}/Pods/Target Support Files/Pods-Snapchat-Clone/Pods-Snapchat-Clone-frameworks.sh\"\n";
			showEnvVarsInLog = 0;
		};
		CB92A267D1867A8CD32324CD /* [CP] Check Pods Manifest.lock */ = {
			isa = PBXShellScriptBuildPhase;
			buildActionMask = 2147483647;
			files = (
			);
			inputFileListPaths = (
			);
			inputPaths = (
				"${PODS_PODFILE_DIR_PATH}/Podfile.lock",
				"${PODS_ROOT}/Manifest.lock",
			);
			name = "[CP] Check Pods Manifest.lock";
			outputFileListPaths = (
			);
			outputPaths = (
				"$(DERIVED_FILE_DIR)/Pods-Snapchat-Clone-checkManifestLockResult.txt",
			);
			runOnlyForDeploymentPostprocessing = 0;
			shellPath = /bin/sh;
			shellScript = "diff \"${PODS_PODFILE_DIR_PATH}/Podfile.lock\" \"${PODS_ROOT}/Manifest.lock\" > /dev/null\nif [ $? != 0 ] ; then\n    # print error to STDERR\n    echo \"error: The sandbox is not in sync with the Podfile.lock. Run 'pod install' or update your CocoaPods installation.\" >&2\n    exit 1\nfi\n# This output is used by Xcode 'outputs' to avoid re-running this script phase.\necho \"SUCCESS\" > \"${SCRIPT_OUTPUT_FILE_0}\"\n";
			showEnvVarsInLog = 0;
		};
/* End PBXShellScriptBuildPhase section */

/* Begin PBXSourcesBuildPhase section */
		A599B08F2268EA1300615F4B /* Sources */ = {
			isa = PBXSourcesBuildPhase;
			buildActionMask = 2147483647;
			files = (
				A599B0AB2268F1D600615F4B /* SnapsTableViewController.swift in Sources */,
				A599B0B322692C1100615F4B /* Snaps.swift in Sources */,
				A599B0AE2268F45500615F4B /* SelectPictureViewController.swift in Sources */,
				A599B0992268EA1300615F4B /* LoginViewController.swift in Sources */,
				A599B0BD226FA5CD00615F4B /* SelectReceiverTableViewController.swift in Sources */,
				A599B0B02268F68100615F4B /* UIViewController+Alerts.swift in Sources */,
				A599B0972268EA1300615F4B /* AppDelegate.swift in Sources */,
				A599B0BF226FA99900615F4B /* AuthService.swift in Sources */,
			);
			runOnlyForDeploymentPostprocessing = 0;
		};
/* End PBXSourcesBuildPhase section */

/* Begin PBXVariantGroup section */
		A599B09A2268EA1300615F4B /* Main.storyboard */ = {
			isa = PBXVariantGroup;
			children = (
				A599B09B2268EA1300615F4B /* Base */,
			);
			name = Main.storyboard;
			sourceTree = "<group>";
		};
		A599B09F2268EA1500615F4B /* LaunchScreen.storyboard */ = {
			isa = PBXVariantGroup;
			children = (
				A599B0A02268EA1500615F4B /* Base */,
			);
			name = LaunchScreen.storyboard;
			sourceTree = "<group>";
		};
/* End PBXVariantGroup section */

/* Begin XCBuildConfiguration section */
		A599B0A32268EA1500615F4B /* Debug */ = {
			isa = XCBuildConfiguration;
			buildSettings = {
				ALWAYS_SEARCH_USER_PATHS = NO;
				CLANG_ANALYZER_NONNULL = YES;
				CLANG_ANALYZER_NUMBER_OBJECT_CONVERSION = YES_AGGRESSIVE;
				CLANG_CXX_LANGUAGE_STANDARD = "gnu++14";
				CLANG_CXX_LIBRARY = "libc++";
				CLANG_ENABLE_MODULES = YES;
				CLANG_ENABLE_OBJC_ARC = YES;
				CLANG_ENABLE_OBJC_WEAK = YES;
				CLANG_WARN_BLOCK_CAPTURE_AUTORELEASING = YES;
				CLANG_WARN_BOOL_CONVERSION = YES;
				CLANG_WARN_COMMA = YES;
				CLANG_WARN_CONSTANT_CONVERSION = YES;
				CLANG_WARN_DEPRECATED_OBJC_IMPLEMENTATIONS = YES;
				CLANG_WARN_DIRECT_OBJC_ISA_USAGE = YES_ERROR;
				CLANG_WARN_DOCUMENTATION_COMMENTS = YES;
				CLANG_WARN_EMPTY_BODY = YES;
				CLANG_WARN_ENUM_CONVERSION = YES;
				CLANG_WARN_INFINITE_RECURSION = YES;
				CLANG_WARN_INT_CONVERSION = YES;
				CLANG_WARN_NON_LITERAL_NULL_CONVERSION = YES;
				CLANG_WARN_OBJC_IMPLICIT_RETAIN_SELF = YES;
				CLANG_WARN_OBJC_LITERAL_CONVERSION = YES;
				CLANG_WARN_OBJC_ROOT_CLASS = YES_ERROR;
				CLANG_WARN_RANGE_LOOP_ANALYSIS = YES;
				CLANG_WARN_STRICT_PROTOTYPES = YES;
				CLANG_WARN_SUSPICIOUS_MOVE = YES;
				CLANG_WARN_UNGUARDED_AVAILABILITY = YES_AGGRESSIVE;
				CLANG_WARN_UNREACHABLE_CODE = YES;
				CLANG_WARN__DUPLICATE_METHOD_MATCH = YES;
				CODE_SIGN_IDENTITY = "iPhone Developer";
				COPY_PHASE_STRIP = NO;
				DEBUG_INFORMATION_FORMAT = dwarf;
				ENABLE_STRICT_OBJC_MSGSEND = YES;
				ENABLE_TESTABILITY = YES;
				GCC_C_LANGUAGE_STANDARD = gnu11;
				GCC_DYNAMIC_NO_PIC = NO;
				GCC_NO_COMMON_BLOCKS = YES;
				GCC_OPTIMIZATION_LEVEL = 0;
				GCC_PREPROCESSOR_DEFINITIONS = (
					"DEBUG=1",
					"$(inherited)",
				);
				GCC_WARN_64_TO_32_BIT_CONVERSION = YES;
				GCC_WARN_ABOUT_RETURN_TYPE = YES_ERROR;
				GCC_WARN_UNDECLARED_SELECTOR = YES;
				GCC_WARN_UNINITIALIZED_AUTOS = YES_AGGRESSIVE;
				GCC_WARN_UNUSED_FUNCTION = YES;
				GCC_WARN_UNUSED_VARIABLE = YES;
				IPHONEOS_DEPLOYMENT_TARGET = 12.2;
				MTL_ENABLE_DEBUG_INFO = INCLUDE_SOURCE;
				MTL_FAST_MATH = YES;
				ONLY_ACTIVE_ARCH = YES;
				SDKROOT = iphoneos;
				SWIFT_ACTIVE_COMPILATION_CONDITIONS = DEBUG;
				SWIFT_OPTIMIZATION_LEVEL = "-Onone";
			};
			name = Debug;
		};
		A599B0A42268EA1500615F4B /* Release */ = {
			isa = XCBuildConfiguration;
			buildSettings = {
				ALWAYS_SEARCH_USER_PATHS = NO;
				CLANG_ANALYZER_NONNULL = YES;
				CLANG_ANALYZER_NUMBER_OBJECT_CONVERSION = YES_AGGRESSIVE;
				CLANG_CXX_LANGUAGE_STANDARD = "gnu++14";
				CLANG_CXX_LIBRARY = "libc++";
				CLANG_ENABLE_MODULES = YES;
				CLANG_ENABLE_OBJC_ARC = YES;
				CLANG_ENABLE_OBJC_WEAK = YES;
				CLANG_WARN_BLOCK_CAPTURE_AUTORELEASING = YES;
				CLANG_WARN_BOOL_CONVERSION = YES;
				CLANG_WARN_COMMA = YES;
				CLANG_WARN_CONSTANT_CONVERSION = YES;
				CLANG_WARN_DEPRECATED_OBJC_IMPLEMENTATIONS = YES;
				CLANG_WARN_DIRECT_OBJC_ISA_USAGE = YES_ERROR;
				CLANG_WARN_DOCUMENTATION_COMMENTS = YES;
				CLANG_WARN_EMPTY_BODY = YES;
				CLANG_WARN_ENUM_CONVERSION = YES;
				CLANG_WARN_INFINITE_RECURSION = YES;
				CLANG_WARN_INT_CONVERSION = YES;
				CLANG_WARN_NON_LITERAL_NULL_CONVERSION = YES;
				CLANG_WARN_OBJC_IMPLICIT_RETAIN_SELF = YES;
				CLANG_WARN_OBJC_LITERAL_CONVERSION = YES;
				CLANG_WARN_OBJC_ROOT_CLASS = YES_ERROR;
				CLANG_WARN_RANGE_LOOP_ANALYSIS = YES;
				CLANG_WARN_STRICT_PROTOTYPES = YES;
				CLANG_WARN_SUSPICIOUS_MOVE = YES;
				CLANG_WARN_UNGUARDED_AVAILABILITY = YES_AGGRESSIVE;
				CLANG_WARN_UNREACHABLE_CODE = YES;
				CLANG_WARN__DUPLICATE_METHOD_MATCH = YES;
				CODE_SIGN_IDENTITY = "iPhone Developer";
				COPY_PHASE_STRIP = NO;
				DEBUG_INFORMATION_FORMAT = "dwarf-with-dsym";
				ENABLE_NS_ASSERTIONS = NO;
				ENABLE_STRICT_OBJC_MSGSEND = YES;
				GCC_C_LANGUAGE_STANDARD = gnu11;
				GCC_NO_COMMON_BLOCKS = YES;
				GCC_WARN_64_TO_32_BIT_CONVERSION = YES;
				GCC_WARN_ABOUT_RETURN_TYPE = YES_ERROR;
				GCC_WARN_UNDECLARED_SELECTOR = YES;
				GCC_WARN_UNINITIALIZED_AUTOS = YES_AGGRESSIVE;
				GCC_WARN_UNUSED_FUNCTION = YES;
				GCC_WARN_UNUSED_VARIABLE = YES;
				IPHONEOS_DEPLOYMENT_TARGET = 12.2;
				MTL_ENABLE_DEBUG_INFO = NO;
				MTL_FAST_MATH = YES;
				SDKROOT = iphoneos;
				SWIFT_COMPILATION_MODE = wholemodule;
				SWIFT_OPTIMIZATION_LEVEL = "-O";
				VALIDATE_PRODUCT = YES;
			};
			name = Release;
		};
		A599B0A62268EA1500615F4B /* Debug */ = {
			isa = XCBuildConfiguration;
			baseConfigurationReference = 9E6A2A41CEDFA23FAF765F5C /* Pods-Snapchat-Clone.debug.xcconfig */;
			buildSettings = {
				ASSETCATALOG_COMPILER_APPICON_NAME = AppIcon;
				CODE_SIGN_STYLE = Automatic;
				DEVELOPMENT_TEAM = WGF5N989LK;
				INFOPLIST_FILE = "Snapchat-Clone/Info.plist";
				LD_RUNPATH_SEARCH_PATHS = (
					"$(inherited)",
					"@executable_path/Frameworks",
				);
				PRODUCT_BUNDLE_IDENTIFIER = "com.janezhu.www.Snapchat-Clone";
				PRODUCT_NAME = "$(TARGET_NAME)";
				SWIFT_VERSION = 5.0;
				TARGETED_DEVICE_FAMILY = "1,2";
			};
			name = Debug;
		};
		A599B0A72268EA1500615F4B /* Release */ = {
			isa = XCBuildConfiguration;
			baseConfigurationReference = 1D48B942A67D628CB9D697D8 /* Pods-Snapchat-Clone.release.xcconfig */;
			buildSettings = {
				ASSETCATALOG_COMPILER_APPICON_NAME = AppIcon;
				CODE_SIGN_STYLE = Automatic;
				DEVELOPMENT_TEAM = WGF5N989LK;
				INFOPLIST_FILE = "Snapchat-Clone/Info.plist";
				LD_RUNPATH_SEARCH_PATHS = (
					"$(inherited)",
					"@executable_path/Frameworks",
				);
				PRODUCT_BUNDLE_IDENTIFIER = "com.janezhu.www.Snapchat-Clone";
				PRODUCT_NAME = "$(TARGET_NAME)";
				SWIFT_VERSION = 5.0;
				TARGETED_DEVICE_FAMILY = "1,2";
			};
			name = Release;
		};
/* End XCBuildConfiguration section */

/* Begin XCConfigurationList section */
		A599B08E2268EA1300615F4B /* Build configuration list for PBXProject "Snapchat-Clone" */ = {
			isa = XCConfigurationList;
			buildConfigurations = (
				A599B0A32268EA1500615F4B /* Debug */,
				A599B0A42268EA1500615F4B /* Release */,
			);
			defaultConfigurationIsVisible = 0;
			defaultConfigurationName = Release;
		};
		A599B0A52268EA1500615F4B /* Build configuration list for PBXNativeTarget "Snapchat-Clone" */ = {
			isa = XCConfigurationList;
			buildConfigurations = (
				A599B0A62268EA1500615F4B /* Debug */,
				A599B0A72268EA1500615F4B /* Release */,
			);
			defaultConfigurationIsVisible = 0;
			defaultConfigurationName = Release;
		};
/* End XCConfigurationList section */
	};
	rootObject = A599B08B2268EA1300615F4B /* Project object */;
}
